
Microsoft Visual Studio Solution File, Format Version 12.00
# Visual Studio Version 17
VisualStudioVersion = 17.0.32112.339
MinimumVisualStudioVersion = 10.0.40219.1
Project("{FAE04EC0-301F-11D3-BF4B-00C04F79EFBC}") = "FatStxUtilities", "FatStxUtilities.csproj", "{A58537AE-D1FA-4774-8098-419B18C798E7}"
EndProject
Global
	GlobalSection(SolutionConfigurationPlatforms) = preSolution
		Debug|Any CPU = Debug|Any CPU
		Release|Any CPU = Release|Any CPU
	EndGlobalSection
	GlobalSection(ProjectConfigurationPlatforms) = postSolution
		{A58537AE-D1FA-4774-8098-419B18C798E7}.Debug|Any CPU.ActiveCfg = Debug|Any CPU
		{A58537AE-D1FA-4774-8098-419B18C798E7}.Debug|Any CPU.Build.0 = Debug|Any CPU
		{A58537AE-D1FA-4774-8098-419B18C798E7}.Release|Any CPU.ActiveCfg = Release|Any CPU
		{A58537AE-D1FA-4774-8098-419B18C798E7}.Release|Any CPU.Build.0 = Release|Any CPU
	EndGlobalSection
	GlobalSection(SolutionProperties) = preSolution
		HideSolutionNode = FALSE
	EndGlobalSection
	GlobalSection(ExtensibilityGlobals) = postSolution
		SolutionGuid = {D1D3D65C-6DC8-40F9-8A22-18C3E22F9418}
	EndGlobalSection
EndGlobal
